
Microsoft Visual Studio Solution File, Format Version 12.00
# Visual Studio 15
VisualStudioVersion = 15.0.33423.255
MinimumVisualStudioVersion = 10.0.40219.1
Project("{2150E333-8FDC-42A3-9474-1A3956D46DE8}") = "src", "src", "{E048D213-B3B9-453F-9A41-29FDEB0D496B}"
EndProject
Project("{8BC9CEB8-8B4A-11D0-8D11-00A0C91BC942}") = "OpenCvSharpExtern", "src\OpenCvSharpExtern\OpenCvSharpExtern.vcxproj", "{8E7279F8-F801-4672-B42F-1ED2C68B16A4}"
EndProject
Project("{2150E333-8FDC-42A3-9474-1A3956D46DE8}") = "Solution Items", "Solution Items", "{47A5316C-49F2-402A-A04C-0A0AAA397F47}"
	ProjectSection(SolutionItems) = preProject
		.editorconfig = .editorconfig
	EndProjectSection
EndProject
Project("{9A19103F-16F7-4668-BE54-9A1E7A4F7556}") = "OpenCvSharpEx", "src\OpenCvSharpEx\OpenCvSharpEx.csproj", "{8F1A143E-AFEE-4930-9EDC-EE17C62FE3A9}"
EndProject
Project("{FAE04EC0-301F-11D3-BF4B-00C04F79EFBC}") = "OpenCvSharpEx.Sample", "src\OpenCvSharpEx.Sample\OpenCvSharpEx.Sample.csproj", "{667C4F5A-BC84-4E33-9080-75F4E85F6051}"
	ProjectSection(ProjectDependencies) = postProject
		{8E7279F8-F801-4672-B42F-1ED2C68B16A4} = {8E7279F8-F801-4672-B42F-1ED2C68B16A4}
	EndProjectSection
EndProject
Global
	GlobalSection(SolutionConfigurationPlatforms) = preSolution
		Debug|Any CPU = Debug|Any CPU
		Debug|ARM = Debug|ARM
		Debug|x64 = Debug|x64
		Debug|x86 = Debug|x86
		Release_Native_Only|Any CPU = Release_Native_Only|Any CPU
		Release_Native_Only|ARM = Release_Native_Only|ARM
		Release_Native_Only|x64 = Release_Native_Only|x64
		Release_Native_Only|x86 = Release_Native_Only|x86
		Release|Any CPU = Release|Any CPU
		Release|ARM = Release|ARM
		Release|x64 = Release|x64
		Release|x86 = Release|x86
		Release-JP|Any CPU = Release-JP|Any CPU
		Release-JP|ARM = Release-JP|ARM
		Release-JP|x64 = Release-JP|x64
		Release-JP|x86 = Release-JP|x86
	EndGlobalSection
	GlobalSection(ProjectConfigurationPlatforms) = postSolution
		{8E7279F8-F801-4672-B42F-1ED2C68B16A4}.Debug|Any CPU.ActiveCfg = Debug|Win32
		{8E7279F8-F801-4672-B42F-1ED2C68B16A4}.Debug|ARM.ActiveCfg = Debug|Win32
		{8E7279F8-F801-4672-B42F-1ED2C68B16A4}.Debug|x64.ActiveCfg = Release|x64
		{8E7279F8-F801-4672-B42F-1ED2C68B16A4}.Debug|x86.ActiveCfg = Release|Win32
		{8E7279F8-F801-4672-B42F-1ED2C68B16A4}.Debug|x86.Build.0 = Release|Win32
		{8E7279F8-F801-4672-B42F-1ED2C68B16A4}.Release_Native_Only|Any CPU.ActiveCfg = Debug|x64
		{8E7279F8-F801-4672-B42F-1ED2C68B16A4}.Release_Native_Only|Any CPU.Build.0 = Debug|x64
		{8E7279F8-F801-4672-B42F-1ED2C68B16A4}.Release_Native_Only|ARM.ActiveCfg = Debug|x64
		{8E7279F8-F801-4672-B42F-1ED2C68B16A4}.Release_Native_Only|ARM.Build.0 = Debug|x64
		{8E7279F8-F801-4672-B42F-1ED2C68B16A4}.Release_Native_Only|x64.ActiveCfg = Release|x64
		{8E7279F8-F801-4672-B42F-1ED2C68B16A4}.Release_Native_Only|x64.Build.0 = Release|x64
		{8E7279F8-F801-4672-B42F-1ED2C68B16A4}.Release_Native_Only|x86.ActiveCfg = Release|Win32
		{8E7279F8-F801-4672-B42F-1ED2C68B16A4}.Release_Native_Only|x86.Build.0 = Release|Win32
		{8E7279F8-F801-4672-B42F-1ED2C68B16A4}.Release|Any CPU.ActiveCfg = Release|x64
		{8E7279F8-F801-4672-B42F-1ED2C68B16A4}.Release|Any CPU.Build.0 = Release|x64
		{8E7279F8-F801-4672-B42F-1ED2C68B16A4}.Release|ARM.ActiveCfg = Release|Win32
		{8E7279F8-F801-4672-B42F-1ED2C68B16A4}.Release|x64.ActiveCfg = Release|x64
		{8E7279F8-F801-4672-B42F-1ED2C68B16A4}.Release|x64.Build.0 = Release|x64
		{8E7279F8-F801-4672-B42F-1ED2C68B16A4}.Release|x86.ActiveCfg = Release|Win32
		{8E7279F8-F801-4672-B42F-1ED2C68B16A4}.Release|x86.Build.0 = Release|Win32
		{8E7279F8-F801-4672-B42F-1ED2C68B16A4}.Release-JP|Any CPU.ActiveCfg = Release|x64
		{8E7279F8-F801-4672-B42F-1ED2C68B16A4}.Release-JP|Any CPU.Build.0 = Release|x64
		{8E7279F8-F801-4672-B42F-1ED2C68B16A4}.Release-JP|ARM.ActiveCfg = Release|x64
		{8E7279F8-F801-4672-B42F-1ED2C68B16A4}.Release-JP|ARM.Build.0 = Release|x64
		{8E7279F8-F801-4672-B42F-1ED2C68B16A4}.Release-JP|x64.ActiveCfg = Release|x64
		{8E7279F8-F801-4672-B42F-1ED2C68B16A4}.Release-JP|x64.Build.0 = Release|x64
		{8E7279F8-F801-4672-B42F-1ED2C68B16A4}.Release-JP|x86.ActiveCfg = Release|Win32
		{8E7279F8-F801-4672-B42F-1ED2C68B16A4}.Release-JP|x86.Build.0 = Release|Win32
		{8F1A143E-AFEE-4930-9EDC-EE17C62FE3A9}.Debug|Any CPU.ActiveCfg = Debug|Any CPU
		{8F1A143E-AFEE-4930-9EDC-EE17C62FE3A9}.Debug|Any CPU.Build.0 = Debug|Any CPU
		{8F1A143E-AFEE-4930-9EDC-EE17C62FE3A9}.Debug|ARM.ActiveCfg = Debug|Any CPU
		{8F1A143E-AFEE-4930-9EDC-EE17C62FE3A9}.Debug|ARM.Build.0 = Debug|Any CPU
		{8F1A143E-AFEE-4930-9EDC-EE17C62FE3A9}.Debug|x64.ActiveCfg = Debug|Any CPU
		{8F1A143E-AFEE-4930-9EDC-EE17C62FE3A9}.Debug|x64.Build.0 = Debug|Any CPU
		{8F1A143E-AFEE-4930-9EDC-EE17C62FE3A9}.Debug|x86.ActiveCfg = Debug|Any CPU
		{8F1A143E-AFEE-4930-9EDC-EE17C62FE3A9}.Debug|x86.Build.0 = Debug|Any CPU
		{8F1A143E-AFEE-4930-9EDC-EE17C62FE3A9}.Release_Native_Only|Any CPU.ActiveCfg = Release_Native_Only|Any CPU
		{8F1A143E-AFEE-4930-9EDC-EE17C62FE3A9}.Release_Native_Only|Any CPU.Build.0 = Release_Native_Only|Any CPU
		{8F1A143E-AFEE-4930-9EDC-EE17C62FE3A9}.Release_Native_Only|ARM.ActiveCfg = Release_Native_Only|Any CPU
		{8F1A143E-AFEE-4930-9EDC-EE17C62FE3A9}.Release_Native_Only|ARM.Build.0 = Release_Native_Only|Any CPU
		{8F1A143E-AFEE-4930-9EDC-EE17C62FE3A9}.Release_Native_Only|x64.ActiveCfg = Release|Any CPU
		{8F1A143E-AFEE-4930-9EDC-EE17C62FE3A9}.Release_Native_Only|x86.ActiveCfg = Release_Native_Only|Any CPU
		{8F1A143E-AFEE-4930-9EDC-EE17C62FE3A9}.Release_Native_Only|x86.Build.0 = Release_Native_Only|Any CPU
		{8F1A143E-AFEE-4930-9EDC-EE17C62FE3A9}.Release|Any CPU.ActiveCfg = Release|Any CPU
		{8F1A143E-AFEE-4930-9EDC-EE17C62FE3A9}.Release|Any CPU.Build.0 = Release|Any CPU
		{8F1A143E-AFEE-4930-9EDC-EE17C62FE3A9}.Release|ARM.ActiveCfg = Release|Any CPU
		{8F1A143E-AFEE-4930-9EDC-EE17C62FE3A9}.Release|ARM.Build.0 = Release|Any CPU
		{8F1A143E-AFEE-4930-9EDC-EE17C62FE3A9}.Release|x64.ActiveCfg = Release|Any CPU
		{8F1A143E-AFEE-4930-9EDC-EE17C62FE3A9}.Release|x64.Build.0 = Release|Any CPU
		{8F1A143E-AFEE-4930-9EDC-EE17C62FE3A9}.Release|x86.ActiveCfg = Release|Any CPU
		{8F1A143E-AFEE-4930-9EDC-EE17C62FE3A9}.Release|x86.Build.0 = Release|Any CPU
		{8F1A143E-AFEE-4930-9EDC-EE17C62FE3A9}.Release-JP|Any CPU.ActiveCfg = Release|Any CPU
		{8F1A143E-AFEE-4930-9EDC-EE17C62FE3A9}.Release-JP|Any CPU.Build.0 = Release|Any CPU
		{8F1A143E-AFEE-4930-9EDC-EE17C62FE3A9}.Release-JP|ARM.ActiveCfg = Release|Any CPU
		{8F1A143E-AFEE-4930-9EDC-EE17C62FE3A9}.Release-JP|ARM.Build.0 = Release|Any CPU
		{8F1A143E-AFEE-4930-9EDC-EE17C62FE3A9}.Release-JP|x64.ActiveCfg = Release|Any CPU
		{8F1A143E-AFEE-4930-9EDC-EE17C62FE3A9}.Release-JP|x64.Build.0 = Release|Any CPU
		{8F1A143E-AFEE-4930-9EDC-EE17C62FE3A9}.Release-JP|x86.ActiveCfg = Release|Any CPU
		{8F1A143E-AFEE-4930-9EDC-EE17C62FE3A9}.Release-JP|x86.Build.0 = Release|Any CPU
		{667C4F5A-BC84-4E33-9080-75F4E85F6051}.Debug|Any CPU.ActiveCfg = Debug|Any CPU
		{667C4F5A-BC84-4E33-9080-75F4E85F6051}.Debug|Any CPU.Build.0 = Debug|Any CPU
		{667C4F5A-BC84-4E33-9080-75F4E85F6051}.Debug|ARM.ActiveCfg = Debug|Any CPU
		{667C4F5A-BC84-4E33-9080-75F4E85F6051}.Debug|ARM.Build.0 = Debug|Any CPU
		{667C4F5A-BC84-4E33-9080-75F4E85F6051}.Debug|x64.ActiveCfg = Debug|Any CPU
		{667C4F5A-BC84-4E33-9080-75F4E85F6051}.Debug|x64.Build.0 = Debug|Any CPU
		{667C4F5A-BC84-4E33-9080-75F4E85F6051}.Debug|x86.ActiveCfg = Debug|Any CPU
		{667C4F5A-BC84-4E33-9080-75F4E85F6051}.Debug|x86.Build.0 = Debug|Any CPU
		{667C4F5A-BC84-4E33-9080-75F4E85F6051}.Release_Native_Only|Any CPU.ActiveCfg = Release_Native_Only|Any CPU
		{667C4F5A-BC84-4E33-9080-75F4E85F6051}.Release_Native_Only|Any CPU.Build.0 = Release_Native_Only|Any CPU
		{667C4F5A-BC84-4E33-9080-75F4E85F6051}.Release_Native_Only|ARM.ActiveCfg = Release_Native_Only|Any CPU
		{667C4F5A-BC84-4E33-9080-75F4E85F6051}.Release_Native_Only|ARM.Build.0 = Release_Native_Only|Any CPU
		{667C4F5A-BC84-4E33-9080-75F4E85F6051}.Release_Native_Only|x64.ActiveCfg = Release|Any CPU
		{667C4F5A-BC84-4E33-9080-75F4E85F6051}.Release_Native_Only|x86.ActiveCfg = Release_Native_Only|Any CPU
		{667C4F5A-BC84-4E33-9080-75F4E85F6051}.Release_Native_Only|x86.Build.0 = Release_Native_Only|Any CPU
		{667C4F5A-BC84-4E33-9080-75F4E85F6051}.Release|Any CPU.ActiveCfg = Release|Any CPU
		{667C4F5A-BC84-4E33-9080-75F4E85F6051}.Release|Any CPU.Build.0 = Release|Any CPU
		{667C4F5A-BC84-4E33-9080-75F4E85F6051}.Release|ARM.ActiveCfg = Release|Any CPU
		{667C4F5A-BC84-4E33-9080-75F4E85F6051}.Release|ARM.Build.0 = Release|Any CPU
		{667C4F5A-BC84-4E33-9080-75F4E85F6051}.Release|x64.ActiveCfg = Release|Any CPU
		{667C4F5A-BC84-4E33-9080-75F4E85F6051}.Release|x64.Build.0 = Release|Any CPU
		{667C4F5A-BC84-4E33-9080-75F4E85F6051}.Release|x86.ActiveCfg = Release|Any CPU
		{667C4F5A-BC84-4E33-9080-75F4E85F6051}.Release|x86.Build.0 = Release|Any CPU
		{667C4F5A-BC84-4E33-9080-75F4E85F6051}.Release-JP|Any CPU.ActiveCfg = Release|Any CPU
		{667C4F5A-BC84-4E33-9080-75F4E85F6051}.Release-JP|Any CPU.Build.0 = Release|Any CPU
		{667C4F5A-BC84-4E33-9080-75F4E85F6051}.Release-JP|ARM.ActiveCfg = Release|Any CPU
		{667C4F5A-BC84-4E33-9080-75F4E85F6051}.Release-JP|ARM.Build.0 = Release|Any CPU
		{667C4F5A-BC84-4E33-9080-75F4E85F6051}.Release-JP|x64.ActiveCfg = Release|Any CPU
		{667C4F5A-BC84-4E33-9080-75F4E85F6051}.Release-JP|x64.Build.0 = Release|Any CPU
		{667C4F5A-BC84-4E33-9080-75F4E85F6051}.Release-JP|x86.ActiveCfg = Release|Any CPU
		{667C4F5A-BC84-4E33-9080-75F4E85F6051}.Release-JP|x86.Build.0 = Release|Any CPU
	EndGlobalSection
	GlobalSection(SolutionProperties) = preSolution
		HideSolutionNode = FALSE
	EndGlobalSection
	GlobalSection(NestedProjects) = preSolution
		{8E7279F8-F801-4672-B42F-1ED2C68B16A4} = {E048D213-B3B9-453F-9A41-29FDEB0D496B}
		{8F1A143E-AFEE-4930-9EDC-EE17C62FE3A9} = {E048D213-B3B9-453F-9A41-29FDEB0D496B}
		{667C4F5A-BC84-4E33-9080-75F4E85F6051} = {E048D213-B3B9-453F-9A41-29FDEB0D496B}
	EndGlobalSection
	GlobalSection(ExtensibilityGlobals) = postSolution
		SolutionGuid = {60DD551B-ED40-447E-AABE-B408178D29D1}
	EndGlobalSection
EndGlobal
